
Microsoft Visual Studio Solution File, Format Version 12.00
# Visual Studio 15
VisualStudioVersion = 15.0.28307.1738
MinimumVisualStudioVersion = 10.0.40219.1
Project("{FAE04EC0-301F-11D3-BF4B-00C04F79EFBC}") = "Task_2_game", "Task_2_game\Task_2_game.csproj", "{7877BFFC-3A5C-4109-886C-157DB0C38D1E}"
EndProject
Global
	GlobalSection(SolutionConfigurationPlatforms) = preSolution
		Debug|Any CPU = Debug|Any CPU
		Release|Any CPU = Release|Any CPU
	EndGlobalSection
	GlobalSection(ProjectConfigurationPlatforms) = postSolution
		{7877BFFC-3A5C-4109-886C-157DB0C38D1E}.Debug|Any CPU.ActiveCfg = Debug|Any CPU
		{7877BFFC-3A5C-4109-886C-157DB0C38D1E}.Debug|Any CPU.Build.0 = Debug|Any CPU
		{7877BFFC-3A5C-4109-886C-157DB0C38D1E}.Release|Any CPU.ActiveCfg = Release|Any CPU
		{7877BFFC-3A5C-4109-886C-157DB0C38D1E}.Release|Any CPU.Build.0 = Release|Any CPU
	EndGlobalSection
	GlobalSection(SolutionProperties) = preSolution
		HideSolutionNode = FALSE
	EndGlobalSection
	GlobalSection(ExtensibilityGlobals) = postSolution
		SolutionGuid = {B8DB322B-BDA4-417E-9788-9C74F45F75A5}
	EndGlobalSection
EndGlobal
